
Microsoft Visual Studio Solution File, Format Version 12.00
# Visual Studio Version 16
VisualStudioVersion = 16.0.31624.102
MinimumVisualStudioVersion = 10.0.40219.1
Project("{FAE04EC0-301F-11D3-BF4B-00C04F79EFBC}") = "SDS", "SDS\SDS.csproj", "{B3686B11-9CF7-4AC8-9011-74D59B0DF9D4}"
EndProject
Project("{9A19103F-16F7-4668-BE54-9A1E7A4F7556}") = "Funeraria", "..\..\Funeraria\Funeraria\Funeraria.csproj", "{540AE9A9-074E-4016-9111-130889623EFF}"
EndProject
Global
	GlobalSection(SolutionConfigurationPlatforms) = preSolution
		Debug|Any CPU = Debug|Any CPU
		Release|Any CPU = Release|Any CPU
	EndGlobalSection
	GlobalSection(ProjectConfigurationPlatforms) = postSolution
		{B3686B11-9CF7-4AC8-9011-74D59B0DF9D4}.Debug|Any CPU.ActiveCfg = Debug|Any CPU
		{B3686B11-9CF7-4AC8-9011-74D59B0DF9D4}.Debug|Any CPU.Build.0 = Debug|Any CPU
		{B3686B11-9CF7-4AC8-9011-74D59B0DF9D4}.Release|Any CPU.ActiveCfg = Release|Any CPU
		{B3686B11-9CF7-4AC8-9011-74D59B0DF9D4}.Release|Any CPU.Build.0 = Release|Any CPU
		{540AE9A9-074E-4016-9111-130889623EFF}.Debug|Any CPU.ActiveCfg = Debug|Any CPU
		{540AE9A9-074E-4016-9111-130889623EFF}.Debug|Any CPU.Build.0 = Debug|Any CPU
		{540AE9A9-074E-4016-9111-130889623EFF}.Release|Any CPU.ActiveCfg = Release|Any CPU
		{540AE9A9-074E-4016-9111-130889623EFF}.Release|Any CPU.Build.0 = Release|Any CPU
	EndGlobalSection
	GlobalSection(SolutionProperties) = preSolution
		HideSolutionNode = FALSE
	EndGlobalSection
	GlobalSection(ExtensibilityGlobals) = postSolution
		SolutionGuid = {C6F2C060-8D60-4711-A936-40B6DA121D7B}
	EndGlobalSection
EndGlobal
